
Microsoft Visual Studio Solution File, Format Version 12.00
# Visual Studio Version 16
VisualStudioVersion = 16.0.30804.86
MinimumVisualStudioVersion = 10.0.40219.1
Project("{FAE04EC0-301F-11D3-BF4B-00C04F79EFBC}") = "baza", "baza\baza.csproj", "{F9396D90-27F4-4A77-9DC5-CD41D9E5E225}"
EndProject
Global
	GlobalSection(SolutionConfigurationPlatforms) = preSolution
		Debug|Any CPU = Debug|Any CPU
		Release|Any CPU = Release|Any CPU
	EndGlobalSection
	GlobalSection(ProjectConfigurationPlatforms) = postSolution
		{F9396D90-27F4-4A77-9DC5-CD41D9E5E225}.Debug|Any CPU.ActiveCfg = Debug|Any CPU
		{F9396D90-27F4-4A77-9DC5-CD41D9E5E225}.Debug|Any CPU.Build.0 = Debug|Any CPU
		{F9396D90-27F4-4A77-9DC5-CD41D9E5E225}.Release|Any CPU.ActiveCfg = Release|Any CPU
		{F9396D90-27F4-4A77-9DC5-CD41D9E5E225}.Release|Any CPU.Build.0 = Release|Any CPU
	EndGlobalSection
	GlobalSection(SolutionProperties) = preSolution
		HideSolutionNode = FALSE
	EndGlobalSection
	GlobalSection(ExtensibilityGlobals) = postSolution
		SolutionGuid = {8EFDEAE2-E25E-49BA-8CCE-B4A4ED1FF21C}
	EndGlobalSection
EndGlobal
